<?xml version="1.0" encoding="utf-8"?>
<Project ToolsVersion="12.0" xmlns="http://schemas.microsoft.com/developer/msbuild/2003">
  <ItemGroup>
    <CustomBuild Include="D:\Zegolivedemo\projects\QT\ZegoLiveDemo5\build-win\cmake_temp_x64\CMakeFiles\8e4f19453f976893e62e228f76b126cb\generate.stamp.rule">
      <Filter>CMake Rules</Filter>
    </CustomBuild>
  </ItemGroup>
  <ItemGroup>
    <Filter Include="CMake Rules">
      <UniqueIdentifier>{06C2D6E9-517A-372C-AFC7-F5710F1D5703}</UniqueIdentifier>
    </Filter>
  </ItemGroup>
</Project>
