<?xml version="1.0" encoding="UTF-8"?>
<Scheme
   LastUpgradeVersion = "0820"
   version = "1.7">
   <BuildAction
      parallelizeBuildables = "YES"
      buildImplicitDependencies = "YES">
      <PreActions>
         <ExecutionAction
            ActionType = "Xcode.IDEStandardExecutionActionsCore.ExecutionActionType.ShellScriptAction">
            <ActionContent
               title = "Create Framework"
               scriptText = "import os&#10;import subprocess&#10;&#10;action = os.getenv(&apos;ACTION&apos;)&#10;configuration = os.getenv(&apos;CONFIGURATION&apos;)&#10;if configuration == &quot;Release&quot;:&#10;    exit(0)&#10;if action == &quot;install&quot;:&#10;    exit(0)&#10;&#10;current_folder = os.getenv(&apos;PROJECT_DIR&apos;)&#10;copy_framework_path = os.path.join(current_folder, &quot;..&quot;, &quot;copy_framework_new.py&quot;)&#10;if os.path.exists(copy_framework_path):&#10;    arguments=[copy_framework_path, &apos;-ios7&apos;]&#10;    subprocess.call(arguments)"
               shellToInvoke = "/usr/bin/env python">
               <EnvironmentBuildable>
                  <BuildableReference
                     BuildableIdentifier = "primary"
                     BlueprintIdentifier = "EFAF4B331D2B6C7800560B00"
                     BuildableName = "LiveDemo3.app"
                     BlueprintName = "LiveDemo5iOS7"
                     ReferencedContainer = "container:LiveDemo3.xcodeproj">
                  </BuildableReference>
               </EnvironmentBuildable>
            </ActionContent>
         </ExecutionAction>
         <ExecutionAction
            ActionType = "Xcode.IDEStandardExecutionActionsCore.ExecutionActionType.ShellScriptAction">
            <ActionContent
               title = "Copy ZegoLiveRoom"
               scriptText = "import os&#10;import shutil&#10;&#10;current_folder = os.getenv(&apos;PROJECT_DIR&apos;)&#10;action = os.getenv(&apos;ACTION&apos;)&#10;&#10;source_folder = &quot;iphoneos_simulator_static&quot;&#10;source_framework_folder = os.path.join(current_folder, &quot;libs&quot;, &quot;ZegoLiveRoom-all&quot;, source_folder, &quot;ZegoLiveRoom.framework&quot;)&#10;dest_framework_folder = os.path.join(current_folder, &quot;libs&quot;, &quot;ZegoLiveRoom.framework&quot;)&#10;&#10;if os.path.exists(dest_framework_folder):&#10;    shutil.rmtree(dest_framework_folder, ignore_errors=True)&#10;&#10;if os.path.exists(source_framework_folder):&#10;    shutil.copytree(source_framework_folder, dest_framework_folder)&#10;    log_name = os.path.join(current_folder, &quot;libs&quot;, &quot;zegoliveroom.version.txt&quot;)&#10;    with open(log_name, &apos;w&apos;) as f:&#10;        f.write(&apos;iphoneos &amp; simulator static&apos;)&#10;    f.close()"
               shellToInvoke = "/usr/bin/env python">
               <EnvironmentBuildable>
                  <BuildableReference
                     BuildableIdentifier = "primary"
                     BlueprintIdentifier = "EFAF4B331D2B6C7800560B00"
                     BuildableName = "LiveDemo3.app"
                     BlueprintName = "LiveDemo5iOS7"
                     ReferencedContainer = "container:LiveDemo3.xcodeproj">
                  </BuildableReference>
               </EnvironmentBuildable>
            </ActionContent>
         </ExecutionAction>
         <ExecutionAction
            ActionType = "Xcode.IDEStandardExecutionActionsCore.ExecutionActionType.ShellScriptAction">
            <ActionContent
               title = "Copy ZegoImageFilter"
               scriptText = "import os&#10;import shutil&#10;&#10;current_folder = os.getenv(&apos;PROJECT_DIR&apos;)&#10;action = os.getenv(&apos;ACTION&apos;)&#10;configuration = os.getenv(&apos;CONFIGURATION&apos;)&#10;if configuration == &quot;&quot;:&#10;    exit(0)&#10;source_folder = &quot;iphoneos_simulator_static&quot;&#10;source_framework_folder = os.path.join(current_folder, &quot;libs&quot;, &quot;libsZegoImageFilter&quot;, source_folder, &quot;ZegoImageFilter.framework&quot;)&#10;dest_framework_folder = os.path.join(current_folder, &quot;libs&quot;, &quot;ZegoImageFilter.framework&quot;)&#10;&#10;if os.path.exists(dest_framework_folder):&#10;    shutil.rmtree(dest_framework_folder, ignore_errors=True)&#10;&#10;if os.path.exists(source_framework_folder):&#10;    shutil.copytree(source_framework_folder, dest_framework_folder)&#10;"
               shellToInvoke = "/usr/bin/env python">
               <EnvironmentBuildable>
                  <BuildableReference
                     BuildableIdentifier = "primary"
                     BlueprintIdentifier = "EFAF4B331D2B6C7800560B00"
                     BuildableName = "LiveDemo3.app"
                     BlueprintName = "LiveDemo5iOS7"
                     ReferencedContainer = "container:LiveDemo3.xcodeproj">
                  </BuildableReference>
               </EnvironmentBuildable>
            </ActionContent>
         </ExecutionAction>
      </PreActions>
      <BuildActionEntries>
         <BuildActionEntry
            buildForTesting = "YES"
            buildForRunning = "YES"
            buildForProfiling = "YES"
            buildForArchiving = "YES"
            buildForAnalyzing = "YES">
            <BuildableReference
               BuildableIdentifier = "primary"
               BlueprintIdentifier = "EFAF4B331D2B6C7800560B00"
               BuildableName = "LiveDemo3.app"
               BlueprintName = "LiveDemo5iOS7"
               ReferencedContainer = "container:LiveDemo3.xcodeproj">
            </BuildableReference>
         </BuildActionEntry>
      </BuildActionEntries>
   </BuildAction>
   <TestAction
      buildConfiguration = "iOS7StaticDebug"
      selectedDebuggerIdentifier = "Xcode.DebuggerFoundation.Debugger.LLDB"
      selectedLauncherIdentifier = "Xcode.DebuggerFoundation.Launcher.LLDB"
      language = ""
      shouldUseLaunchSchemeArgsEnv = "YES">
      <Testables>
      </Testables>
      <MacroExpansion>
         <BuildableReference
            BuildableIdentifier = "primary"
            BlueprintIdentifier = "EFAF4B331D2B6C7800560B00"
            BuildableName = "LiveDemo3.app"
            BlueprintName = "LiveDemo5iOS7"
            ReferencedContainer = "container:LiveDemo3.xcodeproj">
         </BuildableReference>
      </MacroExpansion>
      <AdditionalOptions>
      </AdditionalOptions>
   </TestAction>
   <LaunchAction
      buildConfiguration = "iOS7StaticDebug"
      selectedDebuggerIdentifier = "Xcode.DebuggerFoundation.Debugger.LLDB"
      selectedLauncherIdentifier = "Xcode.DebuggerFoundation.Launcher.LLDB"
      language = ""
      launchStyle = "0"
      useCustomWorkingDirectory = "NO"
      ignoresPersistentStateOnLaunch = "NO"
      debugDocumentVersioning = "YES"
      debugServiceExtension = "internal"
      allowLocationSimulation = "YES">
      <BuildableProductRunnable
         runnableDebuggingMode = "0">
         <BuildableReference
            BuildableIdentifier = "primary"
            BlueprintIdentifier = "EFAF4B331D2B6C7800560B00"
            BuildableName = "LiveDemo3.app"
            BlueprintName = "LiveDemo5iOS7"
            ReferencedContainer = "container:LiveDemo3.xcodeproj">
         </BuildableReference>
      </BuildableProductRunnable>
      <EnvironmentVariables>
         <EnvironmentVariable
            key = "OS_ACTIVITY_MODE"
            value = "disable"
            isEnabled = "YES">
         </EnvironmentVariable>
      </EnvironmentVariables>
      <AdditionalOptions>
      </AdditionalOptions>
   </LaunchAction>
   <ProfileAction
      buildConfiguration = "iOS7StaticDebug"
      shouldUseLaunchSchemeArgsEnv = "YES"
      savedToolIdentifier = ""
      useCustomWorkingDirectory = "NO"
      debugDocumentVersioning = "YES">
      <BuildableProductRunnable
         runnableDebuggingMode = "0">
         <BuildableReference
            BuildableIdentifier = "primary"
            BlueprintIdentifier = "EFAF4B331D2B6C7800560B00"
            BuildableName = "LiveDemo3.app"
            BlueprintName = "LiveDemo5iOS7"
            ReferencedContainer = "container:LiveDemo3.xcodeproj">
         </BuildableReference>
      </BuildableProductRunnable>
   </ProfileAction>
   <AnalyzeAction
      buildConfiguration = "iOS7Static">
   </AnalyzeAction>
   <ArchiveAction
      buildConfiguration = "iOS7Static"
      revealArchiveInOrganizer = "YES">
   </ArchiveAction>
</Scheme>
